{
  "name": "scripts",
  "version": "1.0.0",
  "lockfileVersion": 1,
  "requires": true,
  "dependencies": {
    "@fancyapps/fancybox": {
      "version": "3.5.7",
      "resolved": "https://registry.npmjs.org/@fancyapps/fancybox/-/fancybox-3.5.7.tgz",
      "integrity": "sha512-rcEtu8t+WnmqIDV/Wfm1yvy/nDdwc7YV25j9HLxGC2/WOsUhk9rcWg2nB8g1BrjRt9zaoADdjHTU6ILYTJzBBg=="
    },
    "@swup/plugin": {
      "version": "1.0.1",
      "resolved": "https://registry.npmjs.org/@swup/plugin/-/plugin-1.0.1.tgz",
      "integrity": "sha512-QrTGn1DLx+50CNsk6oGzUFnyNyLkDK6iLb032qKImmAXS+0Dd1cwa8cSGvJ+I27J4qR8y6oJNurgHIEc6ZCTrg=="
    },
    "@swup/scripts-plugin": {
      "version": "1.1.0",
      "resolved": "https://registry.npmjs.org/@swup/scripts-plugin/-/scripts-plugin-1.1.0.tgz",
      "integrity": "sha512-/2V5cUrmzxxZH91bBk0WjsWMJhjKhb32wZ41Sw/HXAUf2gLvqebvW6Lw98HJsagNXxVqqjmzTDIfdbHGwVsG/w==",
      "requires": {
        "@swup/plugin": "^1.0.1"
      }
    },
    "@swup/scroll-plugin": {
      "version": "1.0.6",
      "resolved": "https://registry.npmjs.org/@swup/scroll-plugin/-/scroll-plugin-1.0.6.tgz",
      "integrity": "sha512-uUzgbFYdkLIKCk0DiIrkQwYQYkI2lh4NwJlY28nOhmgivgyYRCRgGHXSHyvJEJwDDVSW7w48myq5b1g9HrVeEg==",
      "requires": {
        "@swup/plugin": "^1.0.0",
        "scrl": "^1.0.0"
      }
    },
    "@swup/slide-theme": {
      "version": "1.0.5",
      "resolved": "https://registry.npmjs.org/@swup/slide-theme/-/slide-theme-1.0.5.tgz",
      "integrity": "sha512-0xxqtURSMDScjLMRdNjtxzo8NGCPcmp6VXrQcxIQzQDSAvwNnP8Zw871C+FSL1EMe8OhAzWAP3E3x9vzH+iLHg==",
      "requires": {
        "@swup/theme": "^1.0.6"
      }
    },
    "@swup/theme": {
      "version": "1.0.7",
      "resolved": "https://registry.npmjs.org/@swup/theme/-/theme-1.0.7.tgz",
      "integrity": "sha512-OINEaf34fYs90l7/YUUKfOf+paY7/FDhOBLwYxrD0w1OjBiItZpw3N+ATA/QklJwmoUu3KkDFOaQG0zT4KxmmA=="
    },
    "delegate": {
      "version": "3.1.3",
      "resolved": "https://registry.npmjs.org/delegate/-/delegate-3.1.3.tgz",
      "integrity": "sha1-moJRp3fXAl+qVXN7w7BxdCEnqf0="
    },
    "opencollective-postinstall": {
      "version": "2.0.2",
      "resolved": "https://registry.npmjs.org/opencollective-postinstall/-/opencollective-postinstall-2.0.2.tgz",
      "integrity": "sha512-pVOEP16TrAO2/fjej1IdOyupJY8KDUM1CvsaScRbw6oddvpQoOfGk4ywha0HKKVAD6RkW4x6Q+tNBwhf3Bgpuw=="
    },
    "scrl": {
      "version": "1.0.0",
      "resolved": "https://registry.npmjs.org/scrl/-/scrl-1.0.0.tgz",
      "integrity": "sha512-nTS2W6UyxYfvOOjeXGXM1j140bm2ZUIjt0mEyGUHecFz2zU1CMYJ71dWPdlnSJR2mYOojY1R5qpo4Fi83O7tog=="
    },
    "swup": {
      "version": "2.0.9",
      "resolved": "https://registry.npmjs.org/swup/-/swup-2.0.9.tgz",
      "integrity": "sha512-hgrhKEKvWyxjXxKcumJozNWn6kvK8CyzujSk61mSb5FJDJAWjcw23gXgPhZMpJgdQNtjKKZZR42xCYPdP34xkA==",
      "requires": {
        "delegate": "3.1.3",
        "opencollective-postinstall": "^2.0.2"
      }
    }
  }
}
