{
  "requires": true,
  "lockfileVersion": 1,
  "dependencies": {
    "@rqrauhvmra/tobi": {
      "version": "1.9.0",
      "resolved": "https://registry.npmjs.org/@rqrauhvmra/tobi/-/tobi-1.9.0.tgz",
      "integrity": "sha512-UkL1bh11dYwSyw8Fv9H9A1fyTYfb4hTPDe76+oQbXhrBuUeirvwgVTsSLD2ty2A9kLhTOgtnm2DyuUFWDZxD7w=="
    },
    "@swup/fade-theme": {
      "version": "1.0.5",
      "resolved": "https://registry.npmjs.org/@swup/fade-theme/-/fade-theme-1.0.5.tgz",
      "integrity": "sha512-9PwC7UmW0RZ5eda+JtWz0z0H3kWWW4Ir3fnEnQOLwdS5p+nrvrLGQM3WjUR/kFIuAsU6K40Ty99gtoW6spWYSA==",
      "requires": {
        "@swup/theme": "^1.0.7"
      }
    },
    "@swup/plugin": {
      "version": "1.0.1",
      "resolved": "https://registry.npmjs.org/@swup/plugin/-/plugin-1.0.1.tgz",
      "integrity": "sha512-QrTGn1DLx+50CNsk6oGzUFnyNyLkDK6iLb032qKImmAXS+0Dd1cwa8cSGvJ+I27J4qR8y6oJNurgHIEc6ZCTrg=="
    },
    "@swup/scripts-plugin": {
      "version": "1.0.1",
      "resolved": "https://registry.npmjs.org/@swup/scripts-plugin/-/scripts-plugin-1.0.1.tgz",
      "integrity": "sha512-gNnb4Q/rqMJQ4MI+N9QACqwCFLu28VlPC5KrE5jFQL4JB34zK9feWE4S1T9C5FE2Jp+n2uFwnxeInsPOE2tFgw==",
      "requires": {
        "@swup/plugin": "^1.0.1"
      }
    },
    "@swup/scroll-plugin": {
      "version": "1.0.6",
      "resolved": "https://registry.npmjs.org/@swup/scroll-plugin/-/scroll-plugin-1.0.6.tgz",
      "integrity": "sha512-uUzgbFYdkLIKCk0DiIrkQwYQYkI2lh4NwJlY28nOhmgivgyYRCRgGHXSHyvJEJwDDVSW7w48myq5b1g9HrVeEg==",
      "requires": {
        "@swup/plugin": "^1.0.0",
        "scrl": "^1.0.0"
      }
    },
    "@swup/slide-theme": {
      "version": "1.0.5",
      "resolved": "https://registry.npmjs.org/@swup/slide-theme/-/slide-theme-1.0.5.tgz",
      "integrity": "sha512-0xxqtURSMDScjLMRdNjtxzo8NGCPcmp6VXrQcxIQzQDSAvwNnP8Zw871C+FSL1EMe8OhAzWAP3E3x9vzH+iLHg==",
      "requires": {
        "@swup/theme": "^1.0.6"
      }
    },
    "@swup/theme": {
      "version": "1.0.7",
      "resolved": "https://registry.npmjs.org/@swup/theme/-/theme-1.0.7.tgz",
      "integrity": "sha512-OINEaf34fYs90l7/YUUKfOf+paY7/FDhOBLwYxrD0w1OjBiItZpw3N+ATA/QklJwmoUu3KkDFOaQG0zT4KxmmA=="
    },
    "can-use-dom": {
      "version": "0.1.0",
      "resolved": "https://registry.npmjs.org/can-use-dom/-/can-use-dom-0.1.0.tgz",
      "integrity": "sha1-IsxKNKCrxDlQ9CxkEQJKP2NmtFo="
    },
    "core-js": {
      "version": "3.5.0",
      "resolved": "https://registry.npmjs.org/core-js/-/core-js-3.5.0.tgz",
      "integrity": "sha512-Ifh3kj78gzQ7NAoJXeTu+XwzDld0QRIwjBLRqAMhuLhP3d2Av5wmgE9ycfnvK6NAEjTkQ1sDPeoEZAWO3Hx1Uw=="
    },
    "delegate": {
      "version": "3.1.3",
      "resolved": "https://registry.npmjs.org/delegate/-/delegate-3.1.3.tgz",
      "integrity": "sha1-moJRp3fXAl+qVXN7w7BxdCEnqf0="
    },
    "lodash.debounce": {
      "version": "4.0.8",
      "resolved": "https://registry.npmjs.org/lodash.debounce/-/lodash.debounce-4.0.8.tgz",
      "integrity": "sha1-gteb/zCmfEAF/9XiUVMArZyk168="
    },
    "lodash.memoize": {
      "version": "4.1.2",
      "resolved": "https://registry.npmjs.org/lodash.memoize/-/lodash.memoize-4.1.2.tgz",
      "integrity": "sha1-vMbEmkKihA7Zl/Mj6tpezRguC/4="
    },
    "lodash.throttle": {
      "version": "4.1.1",
      "resolved": "https://registry.npmjs.org/lodash.throttle/-/lodash.throttle-4.1.1.tgz",
      "integrity": "sha1-wj6RtxAkKscMN/HhzaknTMOb8vQ="
    },
    "opencollective-postinstall": {
      "version": "2.0.2",
      "resolved": "https://registry.npmjs.org/opencollective-postinstall/-/opencollective-postinstall-2.0.2.tgz",
      "integrity": "sha512-pVOEP16TrAO2/fjej1IdOyupJY8KDUM1CvsaScRbw6oddvpQoOfGk4ywha0HKKVAD6RkW4x6Q+tNBwhf3Bgpuw=="
    },
    "resize-observer-polyfill": {
      "version": "1.5.1",
      "resolved": "https://registry.npmjs.org/resize-observer-polyfill/-/resize-observer-polyfill-1.5.1.tgz",
      "integrity": "sha512-LwZrotdHOo12nQuZlHEmtuXdqGoOD0OhaxopaNFxWzInpEgaLWoVuAMbTzixuosCx2nEG58ngzW3vxdWoxIgdg=="
    },
    "scrl": {
      "version": "1.0.0",
      "resolved": "https://registry.npmjs.org/scrl/-/scrl-1.0.0.tgz",
      "integrity": "sha512-nTS2W6UyxYfvOOjeXGXM1j140bm2ZUIjt0mEyGUHecFz2zU1CMYJ71dWPdlnSJR2mYOojY1R5qpo4Fi83O7tog=="
    },
    "swup": {
      "version": "2.0.8",
      "resolved": "https://registry.npmjs.org/swup/-/swup-2.0.8.tgz",
      "integrity": "sha512-5VzrBOHLG6+DXmOD0SkiNuHpUhnvis4l9OsTcbgIoA/HVR1SI3LX8hs+Z90RXMQ+JDX9gW2bU5EPpFz6H7/tkQ==",
      "requires": {
        "delegate": "3.1.3",
        "opencollective-postinstall": "^2.0.2"
      }
    }
  }
}
